{
  "name": "first-tree-opencode-cross-platform-qa",
  "lockfileVersion": 3,
  "requires": true,
  "packages": {
    "": {
      "name": "first-tree-opencode-cross-platform-qa",
      "dependencies": {
        "opencode-ai": "1.18.7"
      }
    },
    "node_modules/opencode-ai": {
      "version": "1.18.7",
      "resolved": "https://registry.npmjs.org/opencode-ai/-/opencode-ai-1.18.7.tgz",
      "integrity": "sha512-/C4Bc+mHbTK+GvhiZ83rguwVSNBs1sCzooQ3CCOz7G8SBYqbsXajlm0OtZ7RaMEUWxHWeMvOnGi4RC4OpAnC/g==",
      "cpu": [
        "arm64",
        "x64"
      ],
      "hasInstallScript": true,
      "license": "MIT",
      "os": [
        "darwin",
        "linux",
        "win32"
      ],
      "bin": {
        "opencode": "bin/opencode.exe"
      },
      "optionalDependencies": {
        "opencode-darwin-arm64": "1.18.7",
        "opencode-darwin-x64": "1.18.7",
        "opencode-darwin-x64-baseline": "1.18.7",
        "opencode-linux-arm64": "1.18.7",
        "opencode-linux-arm64-musl": "1.18.7",
        "opencode-linux-x64": "1.18.7",
        "opencode-linux-x64-baseline": "1.18.7",
        "opencode-linux-x64-baseline-musl": "1.18.7",
        "opencode-linux-x64-musl": "1.18.7",
        "opencode-windows-arm64": "1.18.7",
        "opencode-windows-x64": "1.18.7",
        "opencode-windows-x64-baseline": "1.18.7"
      }
    },
    "node_modules/opencode-darwin-arm64": {
      "version": "1.18.7",
      "resolved": "https://registry.npmjs.org/opencode-darwin-arm64/-/opencode-darwin-arm64-1.18.7.tgz",
      "integrity": "sha512-Gt5+V3mRcRRupFrrmtFjjdu/MmMy4ZOjJwAj1q3KwWL5ZFm7KmGCdnCxi7UWmZDxhb+YWcxAFAz3eTqBfmkPaA==",
      "cpu": [
        "arm64"
      ],
      "optional": true,
      "os": [
        "darwin"
      ]
    },
    "node_modules/opencode-darwin-x64": {
      "version": "1.18.7",
      "resolved": "https://registry.npmjs.org/opencode-darwin-x64/-/opencode-darwin-x64-1.18.7.tgz",
      "integrity": "sha512-yhu8sAL9oBymJyZtD6nA2j3PO4Cr0syp9bt4GjDneGLvyrk5pqVlCij88ozQVw55eqvxAvyNV3zy7VCkPlap6g==",
      "cpu": [
        "x64"
      ],
      "optional": true,
      "os": [
        "darwin"
      ]
    },
    "node_modules/opencode-darwin-x64-baseline": {
      "version": "1.18.7",
      "resolved": "https://registry.npmjs.org/opencode-darwin-x64-baseline/-/opencode-darwin-x64-baseline-1.18.7.tgz",
      "integrity": "sha512-U4tcIU0hWqe3iv7q/dGNhbGOFu/MVdf59G08rKPAkhB0jH2cfxKLnxD/eyin/T/aUYLZYQMGX8mon1jHe+ccUQ==",
      "cpu": [
        "x64"
      ],
      "optional": true,
      "os": [
        "darwin"
      ]
    },
    "node_modules/opencode-linux-arm64": {
      "version": "1.18.7",
      "resolved": "https://registry.npmjs.org/opencode-linux-arm64/-/opencode-linux-arm64-1.18.7.tgz",
      "integrity": "sha512-2aBUMGXPmi7Rqx2IAjxopH3u+GPntyjmtte7RjvT1dbLlgnrOJbbsqEYx2lGvhnqjjcNRhX7WrX9Lzv5PzhtRg==",
      "cpu": [
        "arm64"
      ],
      "optional": true,
      "os": [
        "linux"
      ]
    },
    "node_modules/opencode-linux-arm64-musl": {
      "version": "1.18.7",
      "resolved": "https://registry.npmjs.org/opencode-linux-arm64-musl/-/opencode-linux-arm64-musl-1.18.7.tgz",
      "integrity": "sha512-3Cxms2SNjODOu/NdLbPt0RDjz9yv2VsJVXRo6S6/3QJtCahpYbXAKJWMOCOnzk4G7wnlxALp8sFyNzqHNX+pfw==",
      "cpu": [
        "arm64"
      ],
      "optional": true,
      "os": [
        "linux"
      ]
    },
    "node_modules/opencode-linux-x64": {
      "version": "1.18.7",
      "resolved": "https://registry.npmjs.org/opencode-linux-x64/-/opencode-linux-x64-1.18.7.tgz",
      "integrity": "sha512-RL834fB905Lco9AJKs7gfhoYRQhackbTXGuwOgWTHiQrNbju5lCsjApAf2WmyYhtZowZVpPjwztFgDJvc8q5Bg==",
      "cpu": [
        "x64"
      ],
      "optional": true,
      "os": [
        "linux"
      ]
    },
    "node_modules/opencode-linux-x64-baseline": {
      "version": "1.18.7",
      "resolved": "https://registry.npmjs.org/opencode-linux-x64-baseline/-/opencode-linux-x64-baseline-1.18.7.tgz",
      "integrity": "sha512-bcEUvb83MqaVz+9w4Zv6pISYCwHiC80zcOag6xv6ZY1fk9TTd2USPw1iKv68/JLwAl3l1HitwkXoBGOSvCmKdw==",
      "cpu": [
        "x64"
      ],
      "optional": true,
      "os": [
        "linux"
      ]
    },
    "node_modules/opencode-linux-x64-baseline-musl": {
      "version": "1.18.7",
      "resolved": "https://registry.npmjs.org/opencode-linux-x64-baseline-musl/-/opencode-linux-x64-baseline-musl-1.18.7.tgz",
      "integrity": "sha512-1ljAlEnmgq5spKkjkj47z9mkW8PTNElxN5OXgn4ktmxDbHUufMbIG/POuX9XvGbdlFu+JQ2a7JGtdG0waPES2Q==",
      "cpu": [
        "x64"
      ],
      "optional": true,
      "os": [
        "linux"
      ]
    },
    "node_modules/opencode-linux-x64-musl": {
      "version": "1.18.7",
      "resolved": "https://registry.npmjs.org/opencode-linux-x64-musl/-/opencode-linux-x64-musl-1.18.7.tgz",
      "integrity": "sha512-Izy92K/d2Ua2VDlFVEElUImwl1YiXbrEK0cNGouq25CR6cLpDdSq4n76kRj9sbXChQKq0yTCZSgXyD39LKvcQA==",
      "cpu": [
        "x64"
      ],
      "optional": true,
      "os": [
        "linux"
      ]
    },
    "node_modules/opencode-windows-arm64": {
      "version": "1.18.7",
      "resolved": "https://registry.npmjs.org/opencode-windows-arm64/-/opencode-windows-arm64-1.18.7.tgz",
      "integrity": "sha512-WOPSPOzRU3bYH5vPdnl4KQkI9xNzvkAiNZ41+ZcBZ8daSzbcboGUzpL+QE8KX4qWSxv7xh688crL4/cLKs4hcw==",
      "cpu": [
        "arm64"
      ],
      "optional": true,
      "os": [
        "win32"
      ]
    },
    "node_modules/opencode-windows-x64": {
      "version": "1.18.7",
      "resolved": "https://registry.npmjs.org/opencode-windows-x64/-/opencode-windows-x64-1.18.7.tgz",
      "integrity": "sha512-Jd6jOXLiKFaZO7aQ4+3CJvqkXca/jNFXuKIQQg9IIe8dMRQOaIib3qFVlNuuLQQ6stK/dkgrclgo/GIxX+UnxQ==",
      "cpu": [
        "x64"
      ],
      "optional": true,
      "os": [
        "win32"
      ]
    },
    "node_modules/opencode-windows-x64-baseline": {
      "version": "1.18.7",
      "resolved": "https://registry.npmjs.org/opencode-windows-x64-baseline/-/opencode-windows-x64-baseline-1.18.7.tgz",
      "integrity": "sha512-NBX3LBA5d0YHMNdibN3Xhu/zHgHyIHZcfzQdY9cBUW7HY10CaVISDdXa5QsIU/pEM1olXwltF5zSU9Wk4B6aGQ==",
      "cpu": [
        "x64"
      ],
      "optional": true,
      "os": [
        "win32"
      ]
    }
  }
}
